
Microsoft Visual Studio Solution File, Format Version 12.00
# Visual Studio Version 17
VisualStudioVersion = 17.11.35222.181
MinimumVisualStudioVersion = 10.0.40219.1
Project("{FAE04EC0-301F-11D3-BF4B-00C04F79EFBC}") = "Avalonia.Repro.Menu", "Avalonia.Repro.Menu\Avalonia.Repro.Menu.csproj", "{8BA8AD25-843C-41B2-9D7C-9B4A28889F4B}"
EndProject
Global
	GlobalSection(SolutionConfigurationPlatforms) = preSolution
		Debug|Any CPU = Debug|Any CPU
		Release|Any CPU = Release|Any CPU
	EndGlobalSection
	GlobalSection(ProjectConfigurationPlatforms) = postSolution
		{8BA8AD25-843C-41B2-9D7C-9B4A28889F4B}.Debug|Any CPU.ActiveCfg = Debug|Any CPU
		{8BA8AD25-843C-41B2-9D7C-9B4A28889F4B}.Debug|Any CPU.Build.0 = Debug|Any CPU
		{8BA8AD25-843C-41B2-9D7C-9B4A28889F4B}.Release|Any CPU.ActiveCfg = Release|Any CPU
		{8BA8AD25-843C-41B2-9D7C-9B4A28889F4B}.Release|Any CPU.Build.0 = Release|Any CPU
	EndGlobalSection
	GlobalSection(SolutionProperties) = preSolution
		HideSolutionNode = FALSE
	EndGlobalSection
	GlobalSection(ExtensibilityGlobals) = postSolution
		SolutionGuid = {49D50BBF-CE3E-45D8-BCF7-2B06E4270762}
	EndGlobalSection
EndGlobal
